{
  "name": "tiktok-signature",
  "version": "1.8.0",
  "lockfileVersion": 3,
  "requires": true,
  "packages": {
    "": {
      "name": "tiktok-signature",
      "version": "1.8.0",
      "license": "MIT",
      "dependencies": {
        "playwright-chromium": "^1.10.0"
      }
    },
    "node_modules/playwright-chromium": {
      "version": "1.49.0",
      "resolved": "https://registry.npmjs.org/playwright-chromium/-/playwright-chromium-1.49.0.tgz",
      "integrity": "sha512-xU+nOHawNFKfJsHTTGyWqSJ5nRGGHQq1wTsc49H9rM+hDNnoKZi+3m12mGoLpqvJP7vRjZQ3uvU9/UJZbrJ1AA==",
      "hasInstallScript": true,
      "license": "Apache-2.0",
      "dependencies": {
        "playwright-core": "1.49.0"
      },
      "bin": {
        "playwright": "cli.js"
      },
      "engines": {
        "node": ">=18"
      }
    },
    "node_modules/playwright-core": {
      "version": "1.49.0",
      "resolved": "https://registry.npmjs.org/playwright-core/-/playwright-core-1.49.0.tgz",
      "integrity": "sha512-R+3KKTQF3npy5GTiKH/T+kdhoJfJojjHESR1YEWhYuEKRVfVaxH3+4+GvXE5xyCngCxhxnykk0Vlah9v8fs3jA==",
      "license": "Apache-2.0",
      "bin": {
        "playwright-core": "cli.js"
      },
      "engines": {
        "node": ">=18"
      }
    }
  }
}
